
Microsoft Visual Studio Solution File, Format Version 12.00
# Visual Studio Version 17
VisualStudioVersion = 17.14.36310.24
MinimumVisualStudioVersion = 10.0.40219.1
Project("{FAE04EC0-301F-11D3-BF4B-00C04F79EFBC}") = "Deullam.Credit.Inquiry.Challenge.API", "Deullam.Credit.Inquiry.Challenge.API\Deullam.Credit.Inquiry.Challenge.API.csproj", "{B9A9D27F-6894-437E-990E-C9A489338C05}"
EndProject
Project("{2150E333-8FDC-42A3-9474-1A3956D46DE8}") = "1 - Distributed Services Layer", "1 - Distributed Services Layer", "{02EA681E-C7D8-13C7-8484-4AC65E1B71E8}"
EndProject
Project("{2150E333-8FDC-42A3-9474-1A3956D46DE8}") = "2 - Application Layer", "2 - Application Layer", "{1D465EA7-947E-48C2-8C88-FB052AA5A23F}"
EndProject
Project("{2150E333-8FDC-42A3-9474-1A3956D46DE8}") = "3 - Domain", "3 - Domain", "{A9C3D35F-E0B5-4230-B833-B1E5BBAEFA0D}"
EndProject
Project("{2150E333-8FDC-42A3-9474-1A3956D46DE8}") = "4 - Infrastructure Layer", "4 - Infrastructure Layer", "{881D5DA3-1C45-4955-BB28-FA5D28864D11}"
EndProject
Project("{2150E333-8FDC-42A3-9474-1A3956D46DE8}") = "Tests", "Tests", "{B3D54307-3340-4C08-9EE8-12CDD9ECEC64}"
EndProject
Project("{FAE04EC0-301F-11D3-BF4B-00C04F79EFBC}") = "Deullam.Credit.Inquiry.Challenge.Application", "Deullam.Credit.Inquiry.Challenge.Application\Deullam.Credit.Inquiry.Challenge.Application.csproj", "{357ADE8B-E2AD-4F96-96E0-81AE908ED462}"
EndProject
Project("{FAE04EC0-301F-11D3-BF4B-00C04F79EFBC}") = "Deullam.Credit.Inquiry.Challenge.Domain", "Deullam.Credit.Inquiry.Challenge.Domain\Deullam.Credit.Inquiry.Challenge.Domain.csproj", "{B75B8D89-A950-40A3-9F55-BE2BB23F362B}"
	ProjectSection(ProjectDependencies) = postProject
		{07E28162-9452-4675-BF3E-3BB7EE8130CF} = {07E28162-9452-4675-BF3E-3BB7EE8130CF}
	EndProjectSection
EndProject
Project("{FAE04EC0-301F-11D3-BF4B-00C04F79EFBC}") = "Deullam.Credit.Inquiry.Challenge.Infra", "Deullam.Credit.Inquiry.Challenge.Infra\Deullam.Credit.Inquiry.Challenge.Infra.csproj", "{07E28162-9452-4675-BF3E-3BB7EE8130CF}"
EndProject
Project("{FAE04EC0-301F-11D3-BF4B-00C04F79EFBC}") = "Deullam.Credit.Inquiry.Challenge.Infra.Data", "Deullam.Credit.Inquiry.Challenge.Infra.Data\Deullam.Credit.Inquiry.Challenge.Infra.Data.csproj", "{DA1C3CA3-37D8-422E-B7E2-46D87C16149B}"
	ProjectSection(ProjectDependencies) = postProject
		{07E28162-9452-4675-BF3E-3BB7EE8130CF} = {07E28162-9452-4675-BF3E-3BB7EE8130CF}
		{B75B8D89-A950-40A3-9F55-BE2BB23F362B} = {B75B8D89-A950-40A3-9F55-BE2BB23F362B}
	EndProjectSection
EndProject
Project("{FAE04EC0-301F-11D3-BF4B-00C04F79EFBC}") = "Deullam.Credit.Inquiry.Challenge.IoC", "Deullam.Credit.Inquiry.Challenge.IoC\Deullam.Credit.Inquiry.Challenge.IoC.csproj", "{F0CF304F-48D7-411E-8E3C-10D0498757CE}"
	ProjectSection(ProjectDependencies) = postProject
		{07E28162-9452-4675-BF3E-3BB7EE8130CF} = {07E28162-9452-4675-BF3E-3BB7EE8130CF}
		{357ADE8B-E2AD-4F96-96E0-81AE908ED462} = {357ADE8B-E2AD-4F96-96E0-81AE908ED462}
		{B75B8D89-A950-40A3-9F55-BE2BB23F362B} = {B75B8D89-A950-40A3-9F55-BE2BB23F362B}
		{DA1C3CA3-37D8-422E-B7E2-46D87C16149B} = {DA1C3CA3-37D8-422E-B7E2-46D87C16149B}
	EndProjectSection
EndProject
Project("{FAE04EC0-301F-11D3-BF4B-00C04F79EFBC}") = "Deullam.Credit.Inquiry.Challenge.Domain.Tests", "Deullam.Credit.Inquiry.Challenge.Domain.Tests\Deullam.Credit.Inquiry.Challenge.Domain.Tests.csproj", "{9C1AC1B8-A0CF-45E3-802C-05BFD4B5441F}"
	ProjectSection(ProjectDependencies) = postProject
		{07E28162-9452-4675-BF3E-3BB7EE8130CF} = {07E28162-9452-4675-BF3E-3BB7EE8130CF}
		{3092F7FB-8E5C-4126-92A2-81F201D31D74} = {3092F7FB-8E5C-4126-92A2-81F201D31D74}
		{B75B8D89-A950-40A3-9F55-BE2BB23F362B} = {B75B8D89-A950-40A3-9F55-BE2BB23F362B}
	EndProjectSection
EndProject
Project("{FAE04EC0-301F-11D3-BF4B-00C04F79EFBC}") = "Deullam.Credit.Inquiry.Challenge.Integration.Tests", "Deullam.Credit.Inquiry.Challenge.Integration.Tests\Deullam.Credit.Inquiry.Challenge.Integration.Tests.csproj", "{0320FF7F-BA84-4B91-82EF-0840909CB283}"
	ProjectSection(ProjectDependencies) = postProject
		{07E28162-9452-4675-BF3E-3BB7EE8130CF} = {07E28162-9452-4675-BF3E-3BB7EE8130CF}
		{357ADE8B-E2AD-4F96-96E0-81AE908ED462} = {357ADE8B-E2AD-4F96-96E0-81AE908ED462}
		{B9A9D27F-6894-437E-990E-C9A489338C05} = {B9A9D27F-6894-437E-990E-C9A489338C05}
		{F0CF304F-48D7-411E-8E3C-10D0498757CE} = {F0CF304F-48D7-411E-8E3C-10D0498757CE}
	EndProjectSection
EndProject
Project("{FAE04EC0-301F-11D3-BF4B-00C04F79EFBC}") = "Deullam.Credit.Inquiry.Challenge.Common.Tests", "Deullam.Credit.Inquiry.Challenge.Common.Tests\Deullam.Credit.Inquiry.Challenge.Common.Tests.csproj", "{3092F7FB-8E5C-4126-92A2-81F201D31D74}"
	ProjectSection(ProjectDependencies) = postProject
		{07E28162-9452-4675-BF3E-3BB7EE8130CF} = {07E28162-9452-4675-BF3E-3BB7EE8130CF}
		{357ADE8B-E2AD-4F96-96E0-81AE908ED462} = {357ADE8B-E2AD-4F96-96E0-81AE908ED462}
		{B75B8D89-A950-40A3-9F55-BE2BB23F362B} = {B75B8D89-A950-40A3-9F55-BE2BB23F362B}
		{DA1C3CA3-37D8-422E-B7E2-46D87C16149B} = {DA1C3CA3-37D8-422E-B7E2-46D87C16149B}
	EndProjectSection
EndProject
Project("{E53339B2-1760-4266-BCC7-CA923CBCF16C}") = "docker-compose", "docker-compose.dcproj", "{81DDED9D-158B-E303-5F62-77A2896D2A5A}"
EndProject
Project("{FAE04EC0-301F-11D3-BF4B-00C04F79EFBC}") = "Deullam.Credit.Inquiry.Challenge.Application.Tests", "Deullam.Credit.Inquiry.Challenge.Application.Tests\Deullam.Credit.Inquiry.Challenge.Application.Tests.csproj", "{763AB21C-DAA7-4197-A375-4FC8F02C2592}"
EndProject
Global
	GlobalSection(SolutionConfigurationPlatforms) = preSolution
		Debug|Any CPU = Debug|Any CPU
		Release|Any CPU = Release|Any CPU
	EndGlobalSection
	GlobalSection(ProjectConfigurationPlatforms) = postSolution
		{B9A9D27F-6894-437E-990E-C9A489338C05}.Debug|Any CPU.ActiveCfg = Debug|Any CPU
		{B9A9D27F-6894-437E-990E-C9A489338C05}.Debug|Any CPU.Build.0 = Debug|Any CPU
		{B9A9D27F-6894-437E-990E-C9A489338C05}.Release|Any CPU.ActiveCfg = Release|Any CPU
		{B9A9D27F-6894-437E-990E-C9A489338C05}.Release|Any CPU.Build.0 = Release|Any CPU
		{357ADE8B-E2AD-4F96-96E0-81AE908ED462}.Debug|Any CPU.ActiveCfg = Debug|Any CPU
		{357ADE8B-E2AD-4F96-96E0-81AE908ED462}.Debug|Any CPU.Build.0 = Debug|Any CPU
		{357ADE8B-E2AD-4F96-96E0-81AE908ED462}.Release|Any CPU.ActiveCfg = Release|Any CPU
		{357ADE8B-E2AD-4F96-96E0-81AE908ED462}.Release|Any CPU.Build.0 = Release|Any CPU
		{B75B8D89-A950-40A3-9F55-BE2BB23F362B}.Debug|Any CPU.ActiveCfg = Debug|Any CPU
		{B75B8D89-A950-40A3-9F55-BE2BB23F362B}.Debug|Any CPU.Build.0 = Debug|Any CPU
		{B75B8D89-A950-40A3-9F55-BE2BB23F362B}.Release|Any CPU.ActiveCfg = Release|Any CPU
		{B75B8D89-A950-40A3-9F55-BE2BB23F362B}.Release|Any CPU.Build.0 = Release|Any CPU
		{07E28162-9452-4675-BF3E-3BB7EE8130CF}.Debug|Any CPU.ActiveCfg = Debug|Any CPU
		{07E28162-9452-4675-BF3E-3BB7EE8130CF}.Debug|Any CPU.Build.0 = Debug|Any CPU
		{07E28162-9452-4675-BF3E-3BB7EE8130CF}.Release|Any CPU.ActiveCfg = Release|Any CPU
		{07E28162-9452-4675-BF3E-3BB7EE8130CF}.Release|Any CPU.Build.0 = Release|Any CPU
		{DA1C3CA3-37D8-422E-B7E2-46D87C16149B}.Debug|Any CPU.ActiveCfg = Debug|Any CPU
		{DA1C3CA3-37D8-422E-B7E2-46D87C16149B}.Debug|Any CPU.Build.0 = Debug|Any CPU
		{DA1C3CA3-37D8-422E-B7E2-46D87C16149B}.Release|Any CPU.ActiveCfg = Release|Any CPU
		{DA1C3CA3-37D8-422E-B7E2-46D87C16149B}.Release|Any CPU.Build.0 = Release|Any CPU
		{F0CF304F-48D7-411E-8E3C-10D0498757CE}.Debug|Any CPU.ActiveCfg = Debug|Any CPU
		{F0CF304F-48D7-411E-8E3C-10D0498757CE}.Debug|Any CPU.Build.0 = Debug|Any CPU
		{F0CF304F-48D7-411E-8E3C-10D0498757CE}.Release|Any CPU.ActiveCfg = Release|Any CPU
		{F0CF304F-48D7-411E-8E3C-10D0498757CE}.Release|Any CPU.Build.0 = Release|Any CPU
		{9C1AC1B8-A0CF-45E3-802C-05BFD4B5441F}.Debug|Any CPU.ActiveCfg = Debug|Any CPU
		{9C1AC1B8-A0CF-45E3-802C-05BFD4B5441F}.Debug|Any CPU.Build.0 = Debug|Any CPU
		{9C1AC1B8-A0CF-45E3-802C-05BFD4B5441F}.Release|Any CPU.ActiveCfg = Release|Any CPU
		{9C1AC1B8-A0CF-45E3-802C-05BFD4B5441F}.Release|Any CPU.Build.0 = Release|Any CPU
		{0320FF7F-BA84-4B91-82EF-0840909CB283}.Debug|Any CPU.ActiveCfg = Debug|Any CPU
		{0320FF7F-BA84-4B91-82EF-0840909CB283}.Debug|Any CPU.Build.0 = Debug|Any CPU
		{0320FF7F-BA84-4B91-82EF-0840909CB283}.Release|Any CPU.ActiveCfg = Release|Any CPU
		{0320FF7F-BA84-4B91-82EF-0840909CB283}.Release|Any CPU.Build.0 = Release|Any CPU
		{3092F7FB-8E5C-4126-92A2-81F201D31D74}.Debug|Any CPU.ActiveCfg = Debug|Any CPU
		{3092F7FB-8E5C-4126-92A2-81F201D31D74}.Debug|Any CPU.Build.0 = Debug|Any CPU
		{3092F7FB-8E5C-4126-92A2-81F201D31D74}.Release|Any CPU.ActiveCfg = Release|Any CPU
		{3092F7FB-8E5C-4126-92A2-81F201D31D74}.Release|Any CPU.Build.0 = Release|Any CPU
		{81DDED9D-158B-E303-5F62-77A2896D2A5A}.Debug|Any CPU.ActiveCfg = Debug|Any CPU
		{81DDED9D-158B-E303-5F62-77A2896D2A5A}.Debug|Any CPU.Build.0 = Debug|Any CPU
		{81DDED9D-158B-E303-5F62-77A2896D2A5A}.Release|Any CPU.ActiveCfg = Release|Any CPU
		{81DDED9D-158B-E303-5F62-77A2896D2A5A}.Release|Any CPU.Build.0 = Release|Any CPU
		{763AB21C-DAA7-4197-A375-4FC8F02C2592}.Debug|Any CPU.ActiveCfg = Debug|Any CPU
		{763AB21C-DAA7-4197-A375-4FC8F02C2592}.Debug|Any CPU.Build.0 = Debug|Any CPU
		{763AB21C-DAA7-4197-A375-4FC8F02C2592}.Release|Any CPU.ActiveCfg = Release|Any CPU
		{763AB21C-DAA7-4197-A375-4FC8F02C2592}.Release|Any CPU.Build.0 = Release|Any CPU
	EndGlobalSection
	GlobalSection(SolutionProperties) = preSolution
		HideSolutionNode = FALSE
	EndGlobalSection
	GlobalSection(NestedProjects) = preSolution
		{B9A9D27F-6894-437E-990E-C9A489338C05} = {02EA681E-C7D8-13C7-8484-4AC65E1B71E8}
		{357ADE8B-E2AD-4F96-96E0-81AE908ED462} = {1D465EA7-947E-48C2-8C88-FB052AA5A23F}
		{B75B8D89-A950-40A3-9F55-BE2BB23F362B} = {A9C3D35F-E0B5-4230-B833-B1E5BBAEFA0D}
		{07E28162-9452-4675-BF3E-3BB7EE8130CF} = {881D5DA3-1C45-4955-BB28-FA5D28864D11}
		{DA1C3CA3-37D8-422E-B7E2-46D87C16149B} = {881D5DA3-1C45-4955-BB28-FA5D28864D11}
		{F0CF304F-48D7-411E-8E3C-10D0498757CE} = {881D5DA3-1C45-4955-BB28-FA5D28864D11}
		{9C1AC1B8-A0CF-45E3-802C-05BFD4B5441F} = {B3D54307-3340-4C08-9EE8-12CDD9ECEC64}
		{0320FF7F-BA84-4B91-82EF-0840909CB283} = {B3D54307-3340-4C08-9EE8-12CDD9ECEC64}
		{3092F7FB-8E5C-4126-92A2-81F201D31D74} = {B3D54307-3340-4C08-9EE8-12CDD9ECEC64}
		{763AB21C-DAA7-4197-A375-4FC8F02C2592} = {B3D54307-3340-4C08-9EE8-12CDD9ECEC64}
	EndGlobalSection
	GlobalSection(ExtensibilityGlobals) = postSolution
		SolutionGuid = {43AE7303-58B5-4599-9FF1-6AE43F48BE9F}
	EndGlobalSection
EndGlobal
